
Microsoft Visual Studio Solution File, Format Version 10.00
# Visual Studio 2008
Project("{FAE04EC0-301F-11D3-BF4B-00C04F79EFBC}") = "AowEmailWrapper", "..\Projects\AowEmailWrapper\AowEmailWrapper.csproj", "{1EE06EC1-97C0-4CFA-8F23-A9151214C13F}"
EndProject
Project("{2150E333-8FDC-42A3-9474-1A3956D46DE8}") = "Libraries", "Libraries", "{0AF14720-7178-4673-9875-DAA7ACD51074}"
EndProject
Project("{FAE04EC0-301F-11D3-BF4B-00C04F79EFBC}") = "EricDaugherty.CSES", "..\Projects\EricDaugherty.CSES\EricDaugherty.CSES.csproj", "{A5194231-69A6-4578-9A69-B482F8C346A1}"
EndProject
Project("{2150E333-8FDC-42A3-9474-1A3956D46DE8}") = "Install Kit", "Install Kit", "{D3BDB817-5B62-4296-ABFF-109279B6B43B}"
EndProject
Project("{FAE04EC0-301F-11D3-BF4B-00C04F79EFBC}") = "zlib.net", "..\Projects\Zlib\zlib.net.csproj", "{0C89B7A2-A218-49E4-B545-5B044A45F977}"
EndProject
Project("{FAE04EC0-301F-11D3-BF4B-00C04F79EFBC}") = "FlimFlan.IconEncoder", "..\Projects\FlimFlan.IconEncoder\FlimFlan.IconEncoder.csproj", "{D8DC3A53-7A97-4A94-ABC0-44BCDE32657F}"
EndProject
Project("{FAE04EC0-301F-11D3-BF4B-00C04F79EFBC}") = "Mozilla.Autoconfig", "..\Projects\Mozilla.Autoconfig\Mozilla.Autoconfig.csproj", "{5236BB1E-1C86-4F2A-AE0F-540651445B9B}"
EndProject
Project("{54435603-DBB4-11D2-8724-00A0C9A8B90C}") = "Setup", "..\Projects\Setup\Setup.vdproj", "{6D5BEFE1-72C7-48E6-A820-256682A826F7}"
EndProject
Project("{FAE04EC0-301F-11D3-BF4B-00C04F79EFBC}") = "WrapperUninstallActions", "..\Projects\WrapperUninstallActions\WrapperUninstallActions.csproj", "{E8A20A0A-8912-44C7-9406-1889648110C4}"
EndProject
Global
	GlobalSection(SolutionConfigurationPlatforms) = preSolution
		Debug|Any CPU = Debug|Any CPU
		Release|Any CPU = Release|Any CPU
	EndGlobalSection
	GlobalSection(ProjectConfigurationPlatforms) = postSolution
		{1EE06EC1-97C0-4CFA-8F23-A9151214C13F}.Debug|Any CPU.ActiveCfg = Debug|Any CPU
		{1EE06EC1-97C0-4CFA-8F23-A9151214C13F}.Debug|Any CPU.Build.0 = Debug|Any CPU
		{1EE06EC1-97C0-4CFA-8F23-A9151214C13F}.Release|Any CPU.ActiveCfg = Release|Any CPU
		{1EE06EC1-97C0-4CFA-8F23-A9151214C13F}.Release|Any CPU.Build.0 = Release|Any CPU
		{A5194231-69A6-4578-9A69-B482F8C346A1}.Debug|Any CPU.ActiveCfg = Debug|Any CPU
		{A5194231-69A6-4578-9A69-B482F8C346A1}.Debug|Any CPU.Build.0 = Debug|Any CPU
		{A5194231-69A6-4578-9A69-B482F8C346A1}.Release|Any CPU.ActiveCfg = Release|Any CPU
		{A5194231-69A6-4578-9A69-B482F8C346A1}.Release|Any CPU.Build.0 = Release|Any CPU
		{0C89B7A2-A218-49E4-B545-5B044A45F977}.Debug|Any CPU.ActiveCfg = Debug|Any CPU
		{0C89B7A2-A218-49E4-B545-5B044A45F977}.Debug|Any CPU.Build.0 = Debug|Any CPU
		{0C89B7A2-A218-49E4-B545-5B044A45F977}.Release|Any CPU.ActiveCfg = Release|Any CPU
		{0C89B7A2-A218-49E4-B545-5B044A45F977}.Release|Any CPU.Build.0 = Release|Any CPU
		{D8DC3A53-7A97-4A94-ABC0-44BCDE32657F}.Debug|Any CPU.ActiveCfg = Debug|Any CPU
		{D8DC3A53-7A97-4A94-ABC0-44BCDE32657F}.Debug|Any CPU.Build.0 = Debug|Any CPU
		{D8DC3A53-7A97-4A94-ABC0-44BCDE32657F}.Release|Any CPU.ActiveCfg = Release|Any CPU
		{D8DC3A53-7A97-4A94-ABC0-44BCDE32657F}.Release|Any CPU.Build.0 = Release|Any CPU
		{5236BB1E-1C86-4F2A-AE0F-540651445B9B}.Debug|Any CPU.ActiveCfg = Debug|Any CPU
		{5236BB1E-1C86-4F2A-AE0F-540651445B9B}.Debug|Any CPU.Build.0 = Debug|Any CPU
		{5236BB1E-1C86-4F2A-AE0F-540651445B9B}.Release|Any CPU.ActiveCfg = Release|Any CPU
		{5236BB1E-1C86-4F2A-AE0F-540651445B9B}.Release|Any CPU.Build.0 = Release|Any CPU
		{6D5BEFE1-72C7-48E6-A820-256682A826F7}.Debug|Any CPU.ActiveCfg = Debug
		{6D5BEFE1-72C7-48E6-A820-256682A826F7}.Debug|Any CPU.Build.0 = Debug
		{6D5BEFE1-72C7-48E6-A820-256682A826F7}.Release|Any CPU.ActiveCfg = Release
		{6D5BEFE1-72C7-48E6-A820-256682A826F7}.Release|Any CPU.Build.0 = Release
		{E8A20A0A-8912-44C7-9406-1889648110C4}.Debug|Any CPU.ActiveCfg = Debug|Any CPU
		{E8A20A0A-8912-44C7-9406-1889648110C4}.Debug|Any CPU.Build.0 = Debug|Any CPU
		{E8A20A0A-8912-44C7-9406-1889648110C4}.Release|Any CPU.ActiveCfg = Release|Any CPU
		{E8A20A0A-8912-44C7-9406-1889648110C4}.Release|Any CPU.Build.0 = Release|Any CPU
	EndGlobalSection
	GlobalSection(SolutionProperties) = preSolution
		HideSolutionNode = FALSE
	EndGlobalSection
	GlobalSection(NestedProjects) = preSolution
		{A5194231-69A6-4578-9A69-B482F8C346A1} = {0AF14720-7178-4673-9875-DAA7ACD51074}
		{0C89B7A2-A218-49E4-B545-5B044A45F977} = {0AF14720-7178-4673-9875-DAA7ACD51074}
		{D8DC3A53-7A97-4A94-ABC0-44BCDE32657F} = {0AF14720-7178-4673-9875-DAA7ACD51074}
		{5236BB1E-1C86-4F2A-AE0F-540651445B9B} = {0AF14720-7178-4673-9875-DAA7ACD51074}
		{E8A20A0A-8912-44C7-9406-1889648110C4} = {0AF14720-7178-4673-9875-DAA7ACD51074}
		{6D5BEFE1-72C7-48E6-A820-256682A826F7} = {D3BDB817-5B62-4296-ABFF-109279B6B43B}
	EndGlobalSection
EndGlobal
